
Microsoft Visual Studio Solution File, Format Version 12.00
# Visual Studio Version 17
VisualStudioVersion = 17.10.35013.160
MinimumVisualStudioVersion = 10.0.40219.1
Project("{FAE04EC0-301F-11D3-BF4B-00C04F79EFBC}") = "MVCWithLinq2", "MVCWithLinq2\MVCWithLinq2.csproj", "{285F4097-66BD-4E4C-9200-EC45A6212C54}"
EndProject
Global
	GlobalSection(SolutionConfigurationPlatforms) = preSolution
		Debug|Any CPU = Debug|Any CPU
		Release|Any CPU = Release|Any CPU
	EndGlobalSection
	GlobalSection(ProjectConfigurationPlatforms) = postSolution
		{285F4097-66BD-4E4C-9200-EC45A6212C54}.Debug|Any CPU.ActiveCfg = Debug|Any CPU
		{285F4097-66BD-4E4C-9200-EC45A6212C54}.Debug|Any CPU.Build.0 = Debug|Any CPU
		{285F4097-66BD-4E4C-9200-EC45A6212C54}.Release|Any CPU.ActiveCfg = Release|Any CPU
		{285F4097-66BD-4E4C-9200-EC45A6212C54}.Release|Any CPU.Build.0 = Release|Any CPU
	EndGlobalSection
	GlobalSection(SolutionProperties) = preSolution
		HideSolutionNode = FALSE
	EndGlobalSection
	GlobalSection(ExtensibilityGlobals) = postSolution
		SolutionGuid = {5482A048-B2A7-42B3-B15B-51558F1A9564}
	EndGlobalSection
EndGlobal
